// !$*UTF8*$!
{
	archiveVersion = 1;
	classes = {
	};
	objectVersion = 46;
	objects = {

/* Begin PBXBuildFile section */
		F93DC6321CA609D900F9D448 /* main.m in Sources */ = {isa = PBXBuildFile; fileRef = F93DC6311CA609D900F9D448 /* main.m */; };
		F93DC6351CA609D900F9D448 /* AppDelegate.m in Sources */ = {isa = PBXBuildFile; fileRef = F93DC6341CA609D900F9D448 /* AppDelegate.m */; };
		F93DC6381CA609D900F9D448 /* ViewController.m in Sources */ = {isa = PBXBuildFile; fileRef = F93DC6371CA609D900F9D448 /* ViewController.m */; };
		F93DC63B1CA609D900F9D448 /* Main.storyboard in Resources */ = {isa = PBXBuildFile; fileRef = F93DC6391CA609D900F9D448 /* Main.storyboard */; };
		F93DC63D1CA609D900F9D448 /* Assets.xcassets in Resources */ = {isa = PBXBuildFile; fileRef = F93DC63C1CA609D900F9D448 /* Assets.xcassets */; };
		F93DC6401CA609D900F9D448 /* LaunchScreen.storyboard in Resources */ = {isa = PBXBuildFile; fileRef = F93DC63E1CA609D900F9D448 /* LaunchScreen.storyboard */; };
		F93DC64B1CA609D900F9D448 /* CXCameraTests.m in Sources */ = {isa = PBXBuildFile; fileRef = F93DC64A1CA609D900F9D448 /* CXCameraTests.m */; };
		F93DC65C1CA60A6B00F9D448 /* CXCameraManager.m in Sources */ = {isa = PBXBuildFile; fileRef = F93DC65B1CA60A6B00F9D448 /* CXCameraManager.m */; };
		F93DC6631CA60BB300F9D448 /* AVAsset+Extension.m in Sources */ = {isa = PBXBuildFile; fileRef = F93DC65E1CA60BB300F9D448 /* AVAsset+Extension.m */; };
		F93DC6641CA60BB300F9D448 /* NSTimer+Extension.m in Sources */ = {isa = PBXBuildFile; fileRef = F93DC6601CA60BB300F9D448 /* NSTimer+Extension.m */; };
		F93DC6651CA60BB300F9D448 /* UIView+Extension.m in Sources */ = {isa = PBXBuildFile; fileRef = F93DC6621CA60BB300F9D448 /* UIView+Extension.m */; };
		F9D2D6BA1CA6336B00B00969 /* CXCameraViewController.m in Sources */ = {isa = PBXBuildFile; fileRef = F9D2D6B91CA6336B00B00969 /* CXCameraViewController.m */; };
		F9D2D6BC1CA6337900B00969 /* CXCameraViewController.storyboard in Resources */ = {isa = PBXBuildFile; fileRef = F9D2D6BB1CA6337900B00969 /* CXCameraViewController.storyboard */; };
		F9D2D6BF1CA6346900B00969 /* CXShutterButton.m in Sources */ = {isa = PBXBuildFile; fileRef = F9D2D6BE1CA6346900B00969 /* CXShutterButton.m */; };
/* End PBXBuildFile section */

/* Begin PBXContainerItemProxy section */
		F93DC6471CA609D900F9D448 /* PBXContainerItemProxy */ = {
			isa = PBXContainerItemProxy;
			containerPortal = F93DC6251CA609D800F9D448 /* Project object */;
			proxyType = 1;
			remoteGlobalIDString = F93DC62C1CA609D800F9D448;
			remoteInfo = CXCamera;
		};
/* End PBXContainerItemProxy section */

/* Begin PBXFileReference section */
		F93DC62D1CA609D800F9D448 /* CXCamera.app */ = {isa = PBXFileReference; explicitFileType = wrapper.application; includeInIndex = 0; path = CXCamera.app; sourceTree = BUILT_PRODUCTS_DIR; };
		F93DC6311CA609D900F9D448 /* main.m */ = {isa = PBXFileReference; lastKnownFileType = sourcecode.c.objc; path = main.m; sourceTree = "<group>"; };
		F93DC6331CA609D900F9D448 /* AppDelegate.h */ = {isa = PBXFileReference; lastKnownFileType = sourcecode.c.h; path = AppDelegate.h; sourceTree = "<group>"; };
		F93DC6341CA609D900F9D448 /* AppDelegate.m */ = {isa = PBXFileReference; lastKnownFileType = sourcecode.c.objc; path = AppDelegate.m; sourceTree = "<group>"; };
		F93DC6361CA609D900F9D448 /* ViewController.h */ = {isa = PBXFileReference; lastKnownFileType = sourcecode.c.h; path = ViewController.h; sourceTree = "<group>"; };
		F93DC6371CA609D900F9D448 /* ViewController.m */ = {isa = PBXFileReference; lastKnownFileType = sourcecode.c.objc; path = ViewController.m; sourceTree = "<group>"; };
		F93DC63A1CA609D900F9D448 /* Base */ = {isa = PBXFileReference; lastKnownFileType = file.storyboard; name = Base; path = Base.lproj/Main.storyboard; sourceTree = "<group>"; };
		F93DC63C1CA609D900F9D448 /* Assets.xcassets */ = {isa = PBXFileReference; lastKnownFileType = folder.assetcatalog; path = Assets.xcassets; sourceTree = "<group>"; };
		F93DC63F1CA609D900F9D448 /* Base */ = {isa = PBXFileReference; lastKnownFileType = file.storyboard; name = Base; path = Base.lproj/LaunchScreen.storyboard; sourceTree = "<group>"; };
		F93DC6411CA609D900F9D448 /* Info.plist */ = {isa = PBXFileReference; lastKnownFileType = text.plist.xml; path = Info.plist; sourceTree = "<group>"; };
		F93DC6461CA609D900F9D448 /* CXCameraTests.xctest */ = {isa = PBXFileReference; explicitFileType = wrapper.cfbundle; includeInIndex = 0; path = CXCameraTests.xctest; sourceTree = BUILT_PRODUCTS_DIR; };
		F93DC64A1CA609D900F9D448 /* CXCameraTests.m */ = {isa = PBXFileReference; lastKnownFileType = sourcecode.c.objc; path = CXCameraTests.m; sourceTree = "<group>"; };
		F93DC64C1CA609D900F9D448 /* Info.plist */ = {isa = PBXFileReference; lastKnownFileType = text.plist.xml; path = Info.plist; sourceTree = "<group>"; };
		F93DC65A1CA60A6B00F9D448 /* CXCameraManager.h */ = {isa = PBXFileReference; fileEncoding = 4; lastKnownFileType = sourcecode.c.h; path = CXCameraManager.h; sourceTree = "<group>"; };
		F93DC65B1CA60A6B00F9D448 /* CXCameraManager.m */ = {isa = PBXFileReference; fileEncoding = 4; lastKnownFileType = sourcecode.c.objc; path = CXCameraManager.m; sourceTree = "<group>"; };
		F93DC65D1CA60BB300F9D448 /* AVAsset+Extension.h */ = {isa = PBXFileReference; fileEncoding = 4; lastKnownFileType = sourcecode.c.h; path = "AVAsset+Extension.h"; sourceTree = "<group>"; };
		F93DC65E1CA60BB300F9D448 /* AVAsset+Extension.m */ = {isa = PBXFileReference; fileEncoding = 4; lastKnownFileType = sourcecode.c.objc; path = "AVAsset+Extension.m"; sourceTree = "<group>"; };
		F93DC65F1CA60BB300F9D448 /* NSTimer+Extension.h */ = {isa = PBXFileReference; fileEncoding = 4; lastKnownFileType = sourcecode.c.h; path = "NSTimer+Extension.h"; sourceTree = "<group>"; };
		F93DC6601CA60BB300F9D448 /* NSTimer+Extension.m */ = {isa = PBXFileReference; fileEncoding = 4; lastKnownFileType = sourcecode.c.objc; path = "NSTimer+Extension.m"; sourceTree = "<group>"; };
		F93DC6611CA60BB300F9D448 /* UIView+Extension.h */ = {isa = PBXFileReference; fileEncoding = 4; lastKnownFileType = sourcecode.c.h; path = "UIView+Extension.h"; sourceTree = "<group>"; };
		F93DC6621CA60BB300F9D448 /* UIView+Extension.m */ = {isa = PBXFileReference; fileEncoding = 4; lastKnownFileType = sourcecode.c.objc; path = "UIView+Extension.m"; sourceTree = "<group>"; };
		F9D2D6B81CA6336B00B00969 /* CXCameraViewController.h */ = {isa = PBXFileReference; fileEncoding = 4; lastKnownFileType = sourcecode.c.h; path = CXCameraViewController.h; sourceTree = "<group>"; };
		F9D2D6B91CA6336B00B00969 /* CXCameraViewController.m */ = {isa = PBXFileReference; fileEncoding = 4; lastKnownFileType = sourcecode.c.objc; path = CXCameraViewController.m; sourceTree = "<group>"; };
		F9D2D6BB1CA6337900B00969 /* CXCameraViewController.storyboard */ = {isa = PBXFileReference; fileEncoding = 4; lastKnownFileType = file.storyboard; path = CXCameraViewController.storyboard; sourceTree = "<group>"; };
		F9D2D6BD1CA6346900B00969 /* CXShutterButton.h */ = {isa = PBXFileReference; fileEncoding = 4; lastKnownFileType = sourcecode.c.h; path = CXShutterButton.h; sourceTree = "<group>"; };
		F9D2D6BE1CA6346900B00969 /* CXShutterButton.m */ = {isa = PBXFileReference; fileEncoding = 4; lastKnownFileType = sourcecode.c.objc; path = CXShutterButton.m; sourceTree = "<group>"; };
/* End PBXFileReference section */

/* Begin PBXFrameworksBuildPhase section */
		F93DC62A1CA609D800F9D448 /* Frameworks */ = {
			isa = PBXFrameworksBuildPhase;
			buildActionMask = 2147483647;
			files = (
			);
			runOnlyForDeploymentPostprocessing = 0;
		};
		F93DC6431CA609D900F9D448 /* Frameworks */ = {
			isa = PBXFrameworksBuildPhase;
			buildActionMask = 2147483647;
			files = (
			);
			runOnlyForDeploymentPostprocessing = 0;
		};
/* End PBXFrameworksBuildPhase section */

/* Begin PBXGroup section */
		F93DC6241CA609D800F9D448 = {
			isa = PBXGroup;
			children = (
				F93DC62F1CA609D900F9D448 /* CXCamera */,
				F93DC6491CA609D900F9D448 /* CXCameraTests */,
				F93DC62E1CA609D800F9D448 /* Products */,
			);
			sourceTree = "<group>";
		};
		F93DC62E1CA609D800F9D448 /* Products */ = {
			isa = PBXGroup;
			children = (
				F93DC62D1CA609D800F9D448 /* CXCamera.app */,
				F93DC6461CA609D900F9D448 /* CXCameraTests.xctest */,
			);
			name = Products;
			sourceTree = "<group>";
		};
		F93DC62F1CA609D900F9D448 /* CXCamera */ = {
			isa = PBXGroup;
			children = (
				F93DC6551CA60A1E00F9D448 /* Classes */,
				F93DC6331CA609D900F9D448 /* AppDelegate.h */,
				F93DC6341CA609D900F9D448 /* AppDelegate.m */,
				F93DC6361CA609D900F9D448 /* ViewController.h */,
				F93DC6371CA609D900F9D448 /* ViewController.m */,
				F93DC6391CA609D900F9D448 /* Main.storyboard */,
				F93DC63C1CA609D900F9D448 /* Assets.xcassets */,
				F93DC63E1CA609D900F9D448 /* LaunchScreen.storyboard */,
				F93DC6411CA609D900F9D448 /* Info.plist */,
				F93DC6301CA609D900F9D448 /* Supporting Files */,
			);
			path = CXCamera;
			sourceTree = "<group>";
		};
		F93DC6301CA609D900F9D448 /* Supporting Files */ = {
			isa = PBXGroup;
			children = (
				F93DC6311CA609D900F9D448 /* main.m */,
			);
			name = "Supporting Files";
			sourceTree = "<group>";
		};
		F93DC6491CA609D900F9D448 /* CXCameraTests */ = {
			isa = PBXGroup;
			children = (
				F93DC64A1CA609D900F9D448 /* CXCameraTests.m */,
				F93DC64C1CA609D900F9D448 /* Info.plist */,
			);
			path = CXCameraTests;
			sourceTree = "<group>";
		};
		F93DC6551CA60A1E00F9D448 /* Classes */ = {
			isa = PBXGroup;
			children = (
				F93DC6561CA60A1E00F9D448 /* Category */,
				F93DC6571CA60A1E00F9D448 /* Controller */,
				F93DC6581CA60A1E00F9D448 /* Model */,
				F93DC6591CA60A1E00F9D448 /* View */,
			);
			path = Classes;
			sourceTree = "<group>";
		};
		F93DC6561CA60A1E00F9D448 /* Category */ = {
			isa = PBXGroup;
			children = (
				F93DC65D1CA60BB300F9D448 /* AVAsset+Extension.h */,
				F93DC65E1CA60BB300F9D448 /* AVAsset+Extension.m */,
				F93DC65F1CA60BB300F9D448 /* NSTimer+Extension.h */,
				F93DC6601CA60BB300F9D448 /* NSTimer+Extension.m */,
				F93DC6611CA60BB300F9D448 /* UIView+Extension.h */,
				F93DC6621CA60BB300F9D448 /* UIView+Extension.m */,
			);
			path = Category;
			sourceTree = "<group>";
		};
		F93DC6571CA60A1E00F9D448 /* Controller */ = {
			isa = PBXGroup;
			children = (
				F93DC65A1CA60A6B00F9D448 /* CXCameraManager.h */,
				F93DC65B1CA60A6B00F9D448 /* CXCameraManager.m */,
				F9D2D6B81CA6336B00B00969 /* CXCameraViewController.h */,
				F9D2D6B91CA6336B00B00969 /* CXCameraViewController.m */,
				F9D2D6BB1CA6337900B00969 /* CXCameraViewController.storyboard */,
			);
			path = Controller;
			sourceTree = "<group>";
		};
		F93DC6581CA60A1E00F9D448 /* Model */ = {
			isa = PBXGroup;
			children = (
			);
			path = Model;
			sourceTree = "<group>";
		};
		F93DC6591CA60A1E00F9D448 /* View */ = {
			isa = PBXGroup;
			children = (
				F9D2D6BD1CA6346900B00969 /* CXShutterButton.h */,
				F9D2D6BE1CA6346900B00969 /* CXShutterButton.m */,
			);
			path = View;
			sourceTree = "<group>";
		};
/* End PBXGroup section */

/* Begin PBXNativeTarget section */
		F93DC62C1CA609D800F9D448 /* CXCamera */ = {
			isa = PBXNativeTarget;
			buildConfigurationList = F93DC64F1CA609D900F9D448 /* Build configuration list for PBXNativeTarget "CXCamera" */;
			buildPhases = (
				F93DC6291CA609D800F9D448 /* Sources */,
				F93DC62A1CA609D800F9D448 /* Frameworks */,
				F93DC62B1CA609D800F9D448 /* Resources */,
			);
			buildRules = (
			);
			dependencies = (
			);
			name = CXCamera;
			productName = CXCamera;
			productReference = F93DC62D1CA609D800F9D448 /* CXCamera.app */;
			productType = "com.apple.product-type.application";
		};
		F93DC6451CA609D900F9D448 /* CXCameraTests */ = {
			isa = PBXNativeTarget;
			buildConfigurationList = F93DC6521CA609D900F9D448 /* Build configuration list for PBXNativeTarget "CXCameraTests" */;
			buildPhases = (
				F93DC6421CA609D900F9D448 /* Sources */,
				F93DC6431CA609D900F9D448 /* Frameworks */,
				F93DC6441CA609D900F9D448 /* Resources */,
			);
			buildRules = (
			);
			dependencies = (
				F93DC6481CA609D900F9D448 /* PBXTargetDependency */,
			);
			name = CXCameraTests;
			productName = CXCameraTests;
			productReference = F93DC6461CA609D900F9D448 /* CXCameraTests.xctest */;
			productType = "com.apple.product-type.bundle.unit-test";
		};
/* End PBXNativeTarget section */

/* Begin PBXProject section */
		F93DC6251CA609D800F9D448 /* Project object */ = {
			isa = PBXProject;
			attributes = {
				CLASSPREFIX = CX;
				LastUpgradeCheck = 0730;
				ORGANIZATIONNAME = CX;
				TargetAttributes = {
					F93DC62C1CA609D800F9D448 = {
						CreatedOnToolsVersion = 7.3;
					};
					F93DC6451CA609D900F9D448 = {
						CreatedOnToolsVersion = 7.3;
						TestTargetID = F93DC62C1CA609D800F9D448;
					};
				};
			};
			buildConfigurationList = F93DC6281CA609D800F9D448 /* Build configuration list for PBXProject "CXCamera" */;
			compatibilityVersion = "Xcode 3.2";
			developmentRegion = English;
			hasScannedForEncodings = 0;
			knownRegions = (
				en,
				Base,
			);
			mainGroup = F93DC6241CA609D800F9D448;
			productRefGroup = F93DC62E1CA609D800F9D448 /* Products */;
			projectDirPath = "";
			projectRoot = "";
			targets = (
				F93DC62C1CA609D800F9D448 /* CXCamera */,
				F93DC6451CA609D900F9D448 /* CXCameraTests */,
			);
		};
/* End PBXProject section */

/* Begin PBXResourcesBuildPhase section */
		F93DC62B1CA609D800F9D448 /* Resources */ = {
			isa = PBXResourcesBuildPhase;
			buildActionMask = 2147483647;
			files = (
				F93DC6401CA609D900F9D448 /* LaunchScreen.storyboard in Resources */,
				F9D2D6BC1CA6337900B00969 /* CXCameraViewController.storyboard in Resources */,
				F93DC63D1CA609D900F9D448 /* Assets.xcassets in Resources */,
				F93DC63B1CA609D900F9D448 /* Main.storyboard in Resources */,
			);
			runOnlyForDeploymentPostprocessing = 0;
		};
		F93DC6441CA609D900F9D448 /* Resources */ = {
			isa = PBXResourcesBuildPhase;
			buildActionMask = 2147483647;
			files = (
			);
			runOnlyForDeploymentPostprocessing = 0;
		};
/* End PBXResourcesBuildPhase section */

/* Begin PBXSourcesBuildPhase section */
		F93DC6291CA609D800F9D448 /* Sources */ = {
			isa = PBXSourcesBuildPhase;
			buildActionMask = 2147483647;
			files = (
				F93DC6381CA609D900F9D448 /* ViewController.m in Sources */,
				F9D2D6BF1CA6346900B00969 /* CXShutterButton.m in Sources */,
				F93DC6351CA609D900F9D448 /* AppDelegate.m in Sources */,
				F93DC6321CA609D900F9D448 /* main.m in Sources */,
				F93DC6651CA60BB300F9D448 /* UIView+Extension.m in Sources */,
				F93DC6631CA60BB300F9D448 /* AVAsset+Extension.m in Sources */,
				F93DC6641CA60BB300F9D448 /* NSTimer+Extension.m in Sources */,
				F9D2D6BA1CA6336B00B00969 /* CXCameraViewController.m in Sources */,
				F93DC65C1CA60A6B00F9D448 /* CXCameraManager.m in Sources */,
			);
			runOnlyForDeploymentPostprocessing = 0;
		};
		F93DC6421CA609D900F9D448 /* Sources */ = {
			isa = PBXSourcesBuildPhase;
			buildActionMask = 2147483647;
			files = (
				F93DC64B1CA609D900F9D448 /* CXCameraTests.m in Sources */,
			);
			runOnlyForDeploymentPostprocessing = 0;
		};
/* End PBXSourcesBuildPhase section */

/* Begin PBXTargetDependency section */
		F93DC6481CA609D900F9D448 /* PBXTargetDependency */ = {
			isa = PBXTargetDependency;
			target = F93DC62C1CA609D800F9D448 /* CXCamera */;
			targetProxy = F93DC6471CA609D900F9D448 /* PBXContainerItemProxy */;
		};
/* End PBXTargetDependency section */

/* Begin PBXVariantGroup section */
		F93DC6391CA609D900F9D448 /* Main.storyboard */ = {
			isa = PBXVariantGroup;
			children = (
				F93DC63A1CA609D900F9D448 /* Base */,
			);
			name = Main.storyboard;
			sourceTree = "<group>";
		};
		F93DC63E1CA609D900F9D448 /* LaunchScreen.storyboard */ = {
			isa = PBXVariantGroup;
			children = (
				F93DC63F1CA609D900F9D448 /* Base */,
			);
			name = LaunchScreen.storyboard;
			sourceTree = "<group>";
		};
/* End PBXVariantGroup section */

/* Begin XCBuildConfiguration section */
		F93DC64D1CA609D900F9D448 /* Debug */ = {
			isa = XCBuildConfiguration;
			buildSettings = {
				ALWAYS_SEARCH_USER_PATHS = NO;
				CLANG_ANALYZER_NONNULL = YES;
				CLANG_CXX_LANGUAGE_STANDARD = "gnu++0x";
				CLANG_CXX_LIBRARY = "libc++";
				CLANG_ENABLE_MODULES = YES;
				CLANG_ENABLE_OBJC_ARC = YES;
				CLANG_WARN_BOOL_CONVERSION = YES;
				CLANG_WARN_CONSTANT_CONVERSION = YES;
				CLANG_WARN_DIRECT_OBJC_ISA_USAGE = YES_ERROR;
				CLANG_WARN_EMPTY_BODY = YES;
				CLANG_WARN_ENUM_CONVERSION = YES;
				CLANG_WARN_INT_CONVERSION = YES;
				CLANG_WARN_OBJC_ROOT_CLASS = YES_ERROR;
				CLANG_WARN_UNREACHABLE_CODE = YES;
				CLANG_WARN__DUPLICATE_METHOD_MATCH = YES;
				"CODE_SIGN_IDENTITY[sdk=iphoneos*]" = "iPhone Developer";
				COPY_PHASE_STRIP = NO;
				DEBUG_INFORMATION_FORMAT = dwarf;
				ENABLE_STRICT_OBJC_MSGSEND = YES;
				ENABLE_TESTABILITY = YES;
				GCC_C_LANGUAGE_STANDARD = gnu99;
				GCC_DYNAMIC_NO_PIC = NO;
				GCC_NO_COMMON_BLOCKS = YES;
				GCC_OPTIMIZATION_LEVEL = 0;
				GCC_PREPROCESSOR_DEFINITIONS = (
					"DEBUG=1",
					"$(inherited)",
				);
				GCC_WARN_64_TO_32_BIT_CONVERSION = YES;
				GCC_WARN_ABOUT_RETURN_TYPE = YES_ERROR;
				GCC_WARN_UNDECLARED_SELECTOR = YES;
				GCC_WARN_UNINITIALIZED_AUTOS = YES_AGGRESSIVE;
				GCC_WARN_UNUSED_FUNCTION = YES;
				GCC_WARN_UNUSED_VARIABLE = YES;
				IPHONEOS_DEPLOYMENT_TARGET = 9.3;
				MTL_ENABLE_DEBUG_INFO = YES;
				ONLY_ACTIVE_ARCH = YES;
				SDKROOT = iphoneos;
			};
			name = Debug;
		};
		F93DC64E1CA609D900F9D448 /* Release */ = {
			isa = XCBuildConfiguration;
			buildSettings = {
				ALWAYS_SEARCH_USER_PATHS = NO;
				CLANG_ANALYZER_NONNULL = YES;
				CLANG_CXX_LANGUAGE_STANDARD = "gnu++0x";
				CLANG_CXX_LIBRARY = "libc++";
				CLANG_ENABLE_MODULES = YES;
				CLANG_ENABLE_OBJC_ARC = YES;
				CLANG_WARN_BOOL_CONVERSION = YES;
				CLANG_WARN_CONSTANT_CONVERSION = YES;
				CLANG_WARN_DIRECT_OBJC_ISA_USAGE = YES_ERROR;
				CLANG_WARN_EMPTY_BODY = YES;
				CLANG_WARN_ENUM_CONVERSION = YES;
				CLANG_WARN_INT_CONVERSION = YES;
				CLANG_WARN_OBJC_ROOT_CLASS = YES_ERROR;
				CLANG_WARN_UNREACHABLE_CODE = YES;
				CLANG_WARN__DUPLICATE_METHOD_MATCH = YES;
				"CODE_SIGN_IDENTITY[sdk=iphoneos*]" = "iPhone Developer";
				COPY_PHASE_STRIP = NO;
				DEBUG_INFORMATION_FORMAT = "dwarf-with-dsym";
				ENABLE_NS_ASSERTIONS = NO;
				ENABLE_STRICT_OBJC_MSGSEND = YES;
				GCC_C_LANGUAGE_STANDARD = gnu99;
				GCC_NO_COMMON_BLOCKS = YES;
				GCC_WARN_64_TO_32_BIT_CONVERSION = YES;
				GCC_WARN_ABOUT_RETURN_TYPE = YES_ERROR;
				GCC_WARN_UNDECLARED_SELECTOR = YES;
				GCC_WARN_UNINITIALIZED_AUTOS = YES_AGGRESSIVE;
				GCC_WARN_UNUSED_FUNCTION = YES;
				GCC_WARN_UNUSED_VARIABLE = YES;
				IPHONEOS_DEPLOYMENT_TARGET = 9.3;
				MTL_ENABLE_DEBUG_INFO = NO;
				SDKROOT = iphoneos;
				VALIDATE_PRODUCT = YES;
			};
			name = Release;
		};
		F93DC6501CA609D900F9D448 /* Debug */ = {
			isa = XCBuildConfiguration;
			buildSettings = {
				ASSETCATALOG_COMPILER_APPICON_NAME = AppIcon;
				INFOPLIST_FILE = CXCamera/Info.plist;
				IPHONEOS_DEPLOYMENT_TARGET = 8.1;
				LD_RUNPATH_SEARCH_PATHS = "$(inherited) @executable_path/Frameworks";
				PRODUCT_BUNDLE_IDENTIFIER = CX.CXCamera;
				PRODUCT_NAME = "$(TARGET_NAME)";
			};
			name = Debug;
		};
		F93DC6511CA609D900F9D448 /* Release */ = {
			isa = XCBuildConfiguration;
			buildSettings = {
				ASSETCATALOG_COMPILER_APPICON_NAME = AppIcon;
				INFOPLIST_FILE = CXCamera/Info.plist;
				IPHONEOS_DEPLOYMENT_TARGET = 8.1;
				LD_RUNPATH_SEARCH_PATHS = "$(inherited) @executable_path/Frameworks";
				PRODUCT_BUNDLE_IDENTIFIER = CX.CXCamera;
				PRODUCT_NAME = "$(TARGET_NAME)";
			};
			name = Release;
		};
		F93DC6531CA609D900F9D448 /* Debug */ = {
			isa = XCBuildConfiguration;
			buildSettings = {
				BUNDLE_LOADER = "$(TEST_HOST)";
				INFOPLIST_FILE = CXCameraTests/Info.plist;
				LD_RUNPATH_SEARCH_PATHS = "$(inherited) @executable_path/Frameworks @loader_path/Frameworks";
				PRODUCT_BUNDLE_IDENTIFIER = CX.CXCameraTests;
				PRODUCT_NAME = "$(TARGET_NAME)";
				TEST_HOST = "$(BUILT_PRODUCTS_DIR)/CXCamera.app/CXCamera";
			};
			name = Debug;
		};
		F93DC6541CA609D900F9D448 /* Release */ = {
			isa = XCBuildConfiguration;
			buildSettings = {
				BUNDLE_LOADER = "$(TEST_HOST)";
				INFOPLIST_FILE = CXCameraTests/Info.plist;
				LD_RUNPATH_SEARCH_PATHS = "$(inherited) @executable_path/Frameworks @loader_path/Frameworks";
				PRODUCT_BUNDLE_IDENTIFIER = CX.CXCameraTests;
				PRODUCT_NAME = "$(TARGET_NAME)";
				TEST_HOST = "$(BUILT_PRODUCTS_DIR)/CXCamera.app/CXCamera";
			};
			name = Release;
		};
/* End XCBuildConfiguration section */

/* Begin XCConfigurationList section */
		F93DC6281CA609D800F9D448 /* Build configuration list for PBXProject "CXCamera" */ = {
			isa = XCConfigurationList;
			buildConfigurations = (
				F93DC64D1CA609D900F9D448 /* Debug */,
				F93DC64E1CA609D900F9D448 /* Release */,
			);
			defaultConfigurationIsVisible = 0;
			defaultConfigurationName = Release;
		};
		F93DC64F1CA609D900F9D448 /* Build configuration list for PBXNativeTarget "CXCamera" */ = {
			isa = XCConfigurationList;
			buildConfigurations = (
				F93DC6501CA609D900F9D448 /* Debug */,
				F93DC6511CA609D900F9D448 /* Release */,
			);
			defaultConfigurationIsVisible = 0;
			defaultConfigurationName = Release;
		};
		F93DC6521CA609D900F9D448 /* Build configuration list for PBXNativeTarget "CXCameraTests" */ = {
			isa = XCConfigurationList;
			buildConfigurations = (
				F93DC6531CA609D900F9D448 /* Debug */,
				F93DC6541CA609D900F9D448 /* Release */,
			);
			defaultConfigurationIsVisible = 0;
			defaultConfigurationName = Release;
		};
/* End XCConfigurationList section */
	};
	rootObject = F93DC6251CA609D800F9D448 /* Project object */;
}
